
Microsoft Visual Studio Solution File, Format Version 12.00
# Visual Studio Version 17
VisualStudioVersion = 17.6.33829.357
MinimumVisualStudioVersion = 10.0.40219.1
Project("{FAE04EC0-301F-11D3-BF4B-00C04F79EFBC}") = "Guess_the_number", "Guess_the_number\Guess_the_number.csproj", "{4C1B0723-0C23-42A9-99E7-B663197679FB}"
EndProject
Global
	GlobalSection(SolutionConfigurationPlatforms) = preSolution
		Debug|Any CPU = Debug|Any CPU
		Release|Any CPU = Release|Any CPU
	EndGlobalSection
	GlobalSection(ProjectConfigurationPlatforms) = postSolution
		{4C1B0723-0C23-42A9-99E7-B663197679FB}.Debug|Any CPU.ActiveCfg = Debug|Any CPU
		{4C1B0723-0C23-42A9-99E7-B663197679FB}.Debug|Any CPU.Build.0 = Debug|Any CPU
		{4C1B0723-0C23-42A9-99E7-B663197679FB}.Release|Any CPU.ActiveCfg = Release|Any CPU
		{4C1B0723-0C23-42A9-99E7-B663197679FB}.Release|Any CPU.Build.0 = Release|Any CPU
	EndGlobalSection
	GlobalSection(SolutionProperties) = preSolution
		HideSolutionNode = FALSE
	EndGlobalSection
	GlobalSection(ExtensibilityGlobals) = postSolution
		SolutionGuid = {FDD8FAD3-A9B6-44A4-9157-40B8ECB45F84}
	EndGlobalSection
EndGlobal
