
Microsoft Visual Studio Solution File, Format Version 12.00
# Visual Studio Version 17
VisualStudioVersion = 17.7.34009.444
MinimumVisualStudioVersion = 10.0.40219.1
Project("{FAE04EC0-301F-11D3-BF4B-00C04F79EFBC}") = "Black_jack", "Black_jack\Black_jack.csproj", "{8E15F4EB-8E05-4BCB-8D6C-8A4630CF96A7}"
EndProject
Global
	GlobalSection(SolutionConfigurationPlatforms) = preSolution
		Debug|Any CPU = Debug|Any CPU
		Release|Any CPU = Release|Any CPU
	EndGlobalSection
	GlobalSection(ProjectConfigurationPlatforms) = postSolution
		{8E15F4EB-8E05-4BCB-8D6C-8A4630CF96A7}.Debug|Any CPU.ActiveCfg = Debug|Any CPU
		{8E15F4EB-8E05-4BCB-8D6C-8A4630CF96A7}.Debug|Any CPU.Build.0 = Debug|Any CPU
		{8E15F4EB-8E05-4BCB-8D6C-8A4630CF96A7}.Release|Any CPU.ActiveCfg = Release|Any CPU
		{8E15F4EB-8E05-4BCB-8D6C-8A4630CF96A7}.Release|Any CPU.Build.0 = Release|Any CPU
	EndGlobalSection
	GlobalSection(SolutionProperties) = preSolution
		HideSolutionNode = FALSE
	EndGlobalSection
	GlobalSection(ExtensibilityGlobals) = postSolution
		SolutionGuid = {B5256A1B-7275-498B-9218-0E0CE040448C}
	EndGlobalSection
EndGlobal
