
Microsoft Visual Studio Solution File, Format Version 12.00
# Visual Studio Version 17
VisualStudioVersion = 17.6.33829.357
MinimumVisualStudioVersion = 10.0.40219.1
Project("{FAE04EC0-301F-11D3-BF4B-00C04F79EFBC}") = "Snake_game", "Snake_game\Snake_game.csproj", "{914AA963-D47B-4844-8E2D-0B826E21DAFB}"
EndProject
Global
	GlobalSection(SolutionConfigurationPlatforms) = preSolution
		Debug|Any CPU = Debug|Any CPU
		Release|Any CPU = Release|Any CPU
	EndGlobalSection
	GlobalSection(ProjectConfigurationPlatforms) = postSolution
		{914AA963-D47B-4844-8E2D-0B826E21DAFB}.Debug|Any CPU.ActiveCfg = Debug|Any CPU
		{914AA963-D47B-4844-8E2D-0B826E21DAFB}.Debug|Any CPU.Build.0 = Debug|Any CPU
		{914AA963-D47B-4844-8E2D-0B826E21DAFB}.Release|Any CPU.ActiveCfg = Release|Any CPU
		{914AA963-D47B-4844-8E2D-0B826E21DAFB}.Release|Any CPU.Build.0 = Release|Any CPU
	EndGlobalSection
	GlobalSection(SolutionProperties) = preSolution
		HideSolutionNode = FALSE
	EndGlobalSection
	GlobalSection(ExtensibilityGlobals) = postSolution
		SolutionGuid = {2E303D8E-072E-459C-BE98-9A01F66A8BD0}
	EndGlobalSection
EndGlobal
